
Microsoft Visual Studio Solution File, Format Version 12.00
# Visual Studio Version 17
VisualStudioVersion = 17.1.32421.90
MinimumVisualStudioVersion = 10.0.40219.1
Project("{FAE04EC0-301F-11D3-BF4B-00C04F79EFBC}") = "MyLibrary", "MyLibrary\MyLibrary.csproj", "{D2E4CB27-A984-41A1-97F0-834B725FDBCC}"
EndProject
Project("{FAE04EC0-301F-11D3-BF4B-00C04F79EFBC}") = "eStore", "eStore\eStore.csproj", "{A53EE097-AB33-4B3A-A4B8-5777A19DA4E3}"
EndProject
Global
	GlobalSection(SolutionConfigurationPlatforms) = preSolution
		Debug|Any CPU = Debug|Any CPU
		Release|Any CPU = Release|Any CPU
	EndGlobalSection
	GlobalSection(ProjectConfigurationPlatforms) = postSolution
		{D2E4CB27-A984-41A1-97F0-834B725FDBCC}.Debug|Any CPU.ActiveCfg = Debug|Any CPU
		{D2E4CB27-A984-41A1-97F0-834B725FDBCC}.Debug|Any CPU.Build.0 = Debug|Any CPU
		{D2E4CB27-A984-41A1-97F0-834B725FDBCC}.Release|Any CPU.ActiveCfg = Release|Any CPU
		{D2E4CB27-A984-41A1-97F0-834B725FDBCC}.Release|Any CPU.Build.0 = Release|Any CPU
		{A53EE097-AB33-4B3A-A4B8-5777A19DA4E3}.Debug|Any CPU.ActiveCfg = Debug|Any CPU
		{A53EE097-AB33-4B3A-A4B8-5777A19DA4E3}.Debug|Any CPU.Build.0 = Debug|Any CPU
		{A53EE097-AB33-4B3A-A4B8-5777A19DA4E3}.Release|Any CPU.ActiveCfg = Release|Any CPU
		{A53EE097-AB33-4B3A-A4B8-5777A19DA4E3}.Release|Any CPU.Build.0 = Release|Any CPU
	EndGlobalSection
	GlobalSection(SolutionProperties) = preSolution
		HideSolutionNode = FALSE
	EndGlobalSection
	GlobalSection(ExtensibilityGlobals) = postSolution
		SolutionGuid = {04F0059E-73F4-4B3D-BC3D-1CC2F647B927}
	EndGlobalSection
EndGlobal
